{
  "requires": true,
  "lockfileVersion": 1,
  "dependencies": {
    "angular": {
      "version": "1.7.7",
      "resolved": "http://registry.npm.taobao.org/angular/download/angular-1.7.7.tgz",
      "integrity": "sha1-Jr2HaT3q3L1ZRGEKegRj/HmhiAM="
    },
    "angular-eonasdan-datetimepicker": {
      "version": "0.3.9",
      "resolved": "http://registry.npm.taobao.org/angular-eonasdan-datetimepicker/download/angular-eonasdan-datetimepicker-0.3.9.tgz",
      "integrity": "sha1-0+xpjIilIjkyPakpbUACBK1Gjyk=",
      "requires": {
        "angular": "^1.6.1",
        "bootstrap": "^3.3.7",
        "eonasdan-bootstrap-datetimepicker": "^4.17.46",
        "jquery": "^2.2.4",
        "moment": "^2.17.1"
      }
    },
    "bootstrap": {
      "version": "3.4.1",
      "resolved": "http://registry.npm.taobao.org/bootstrap/download/bootstrap-3.4.1.tgz",
      "integrity": "sha1-w6NH1Bniia0R9AM+PEEyuHwIHXI="
    },
    "eonasdan-bootstrap-datetimepicker": {
      "version": "4.17.47",
      "resolved": "http://registry.npm.taobao.org/eonasdan-bootstrap-datetimepicker/download/eonasdan-bootstrap-datetimepicker-4.17.47.tgz",
      "integrity": "sha1-ekmXAEQGUnbnll79Fvgic1IZ5zU=",
      "requires": {
        "bootstrap": "^3.3",
        "jquery": "^1.8.3 || ^2.0 || ^3.0",
        "moment": "^2.10",
        "moment-timezone": "^0.4.0"
      }
    },
    "jquery": {
      "version": "2.2.4",
      "resolved": "http://registry.npm.taobao.org/jquery/download/jquery-2.2.4.tgz",
      "integrity": "sha1-LInWiJterFIqfuoywUUhVZxsvwI="
    },
    "moment": {
      "version": "2.24.0",
      "resolved": "http://registry.npm.taobao.org/moment/download/moment-2.24.0.tgz",
      "integrity": "sha1-DQVdU/UFKqZTyfbraLtdEr9cK1s="
    },
    "moment-timezone": {
      "version": "0.4.1",
      "resolved": "http://registry.npm.taobao.org/moment-timezone/download/moment-timezone-0.4.1.tgz",
      "integrity": "sha1-gfWYw61eIs2teWtn7NjYjQ9bqgY=",
      "requires": {
        "moment": ">= 2.6.0"
      }
    }
  }
}
